// !$*UTF8*$!
{
	archiveVersion = 1;
	classes = {
	};
	objectVersion = 46;
	objects = {

/* Begin PBXBuildFile section */
		5BAD05E11A6A988F0072F636 /* Trip.m in Sources */ = {isa = PBXBuildFile; fileRef = 5BAD05E01A6A988F0072F636 /* Trip.m */; };
		5BAD05E51A6A99920072F636 /* TripCommunicator.m in Sources */ = {isa = PBXBuildFile; fileRef = 5BAD05E41A6A99920072F636 /* TripCommunicator.m */; };
		5BAD05E81A6A9C950072F636 /* TripBuilder.m in Sources */ = {isa = PBXBuildFile; fileRef = 5BAD05E71A6A9C950072F636 /* TripBuilder.m */; };
		5BAD05EC1A6AAB040072F636 /* TripManager.m in Sources */ = {isa = PBXBuildFile; fileRef = 5BAD05EB1A6AAB040072F636 /* TripManager.m */; };
		5BAD05EF1A6AB6590072F636 /* TableViewController.m in Sources */ = {isa = PBXBuildFile; fileRef = 5BAD05EE1A6AB6590072F636 /* TableViewController.m */; };
		5BAD05F21A6ABD450072F636 /* DetailCell.m in Sources */ = {isa = PBXBuildFile; fileRef = 5BAD05F11A6ABD450072F636 /* DetailCell.m */; };
		5BDB36701A6A2C6F0051CD30 /* main.m in Sources */ = {isa = PBXBuildFile; fileRef = 5BDB366F1A6A2C6F0051CD30 /* main.m */; };
		5BDB36731A6A2C6F0051CD30 /* AppDelegate.m in Sources */ = {isa = PBXBuildFile; fileRef = 5BDB36721A6A2C6F0051CD30 /* AppDelegate.m */; };
		5BDB36791A6A2C6F0051CD30 /* Main.storyboard in Resources */ = {isa = PBXBuildFile; fileRef = 5BDB36771A6A2C6F0051CD30 /* Main.storyboard */; };
		5BDB367B1A6A2C6F0051CD30 /* Images.xcassets in Resources */ = {isa = PBXBuildFile; fileRef = 5BDB367A1A6A2C6F0051CD30 /* Images.xcassets */; };
		5BDB367E1A6A2C6F0051CD30 /* LaunchScreen.xib in Resources */ = {isa = PBXBuildFile; fileRef = 5BDB367C1A6A2C6F0051CD30 /* LaunchScreen.xib */; };
		5BDB368A1A6A2C700051CD30 /* TripMe_FlightsTests.m in Sources */ = {isa = PBXBuildFile; fileRef = 5BDB36891A6A2C700051CD30 /* TripMe_FlightsTests.m */; };
		5BDB36961A6A43CA0051CD30 /* TripRequest.m in Sources */ = {isa = PBXBuildFile; fileRef = 5BDB36951A6A43CA0051CD30 /* TripRequest.m */; };
		5BDB369C1A6A51680051CD30 /* home.png in Resources */ = {isa = PBXBuildFile; fileRef = 5BDB369A1A6A51680051CD30 /* home.png */; };
		5BDB369D1A6A51680051CD30 /* list.png in Resources */ = {isa = PBXBuildFile; fileRef = 5BDB369B1A6A51680051CD30 /* list.png */; };
		5BDB36B51A6A56010051CD30 /* Contents.json in Resources */ = {isa = PBXBuildFile; fileRef = 5BDB36A11A6A56010051CD30 /* Contents.json */; };
		5BDB36B61A6A56010051CD30 /* Icon-40.png in Resources */ = {isa = PBXBuildFile; fileRef = 5BDB36A21A6A56010051CD30 /* Icon-40.png */; };
		5BDB36B71A6A56010051CD30 /* Icon-40@2x.png in Resources */ = {isa = PBXBuildFile; fileRef = 5BDB36A31A6A56010051CD30 /* Icon-40@2x.png */; };
		5BDB36B81A6A56010051CD30 /* Icon-40@3x.png in Resources */ = {isa = PBXBuildFile; fileRef = 5BDB36A41A6A56010051CD30 /* Icon-40@3x.png */; };
		5BDB36B91A6A56010051CD30 /* Icon-60@2x.png in Resources */ = {isa = PBXBuildFile; fileRef = 5BDB36A51A6A56010051CD30 /* Icon-60@2x.png */; };
		5BDB36BA1A6A56010051CD30 /* Icon-60@3x.png in Resources */ = {isa = PBXBuildFile; fileRef = 5BDB36A61A6A56010051CD30 /* Icon-60@3x.png */; };
		5BDB36BB1A6A56010051CD30 /* Icon-76.png in Resources */ = {isa = PBXBuildFile; fileRef = 5BDB36A71A6A56010051CD30 /* Icon-76.png */; };
		5BDB36BC1A6A56010051CD30 /* Icon-76@2x.png in Resources */ = {isa = PBXBuildFile; fileRef = 5BDB36A81A6A56010051CD30 /* Icon-76@2x.png */; };
		5BDB36BD1A6A56010051CD30 /* Icon-Small.png in Resources */ = {isa = PBXBuildFile; fileRef = 5BDB36A91A6A56010051CD30 /* Icon-Small.png */; };
		5BDB36BE1A6A56010051CD30 /* Icon-Small@2x.png in Resources */ = {isa = PBXBuildFile; fileRef = 5BDB36AA1A6A56010051CD30 /* Icon-Small@2x.png */; };
		5BDB36BF1A6A56010051CD30 /* Icon-Small@3x.png in Resources */ = {isa = PBXBuildFile; fileRef = 5BDB36AB1A6A56010051CD30 /* Icon-Small@3x.png */; };
		5BDB36C01A6A56010051CD30 /* Icon-60.png in Resources */ = {isa = PBXBuildFile; fileRef = 5BDB36AC1A6A56010051CD30 /* Icon-60.png */; };
		5BDB36C11A6A56010051CD30 /* Icon-72.png in Resources */ = {isa = PBXBuildFile; fileRef = 5BDB36AD1A6A56010051CD30 /* Icon-72.png */; };
		5BDB36C21A6A56010051CD30 /* Icon-72@2x.png in Resources */ = {isa = PBXBuildFile; fileRef = 5BDB36AE1A6A56010051CD30 /* Icon-72@2x.png */; };
		5BDB36C31A6A56010051CD30 /* Icon-Small-50.png in Resources */ = {isa = PBXBuildFile; fileRef = 5BDB36AF1A6A56010051CD30 /* Icon-Small-50.png */; };
		5BDB36C41A6A56010051CD30 /* Icon-Small-50@2x.png in Resources */ = {isa = PBXBuildFile; fileRef = 5BDB36B01A6A56010051CD30 /* Icon-Small-50@2x.png */; };
		5BDB36C51A6A56010051CD30 /* Icon.png in Resources */ = {isa = PBXBuildFile; fileRef = 5BDB36B11A6A56010051CD30 /* Icon.png */; };
		5BDB36C61A6A56010051CD30 /* Icon@2x.png in Resources */ = {isa = PBXBuildFile; fileRef = 5BDB36B21A6A56010051CD30 /* Icon@2x.png */; };
		5BDB36C71A6A56010051CD30 /* iTunesArtwork.png in Resources */ = {isa = PBXBuildFile; fileRef = 5BDB36B31A6A56010051CD30 /* iTunesArtwork.png */; };
		5BDB36C81A6A56010051CD30 /* iTunesArtwork@2x.png in Resources */ = {isa = PBXBuildFile; fileRef = 5BDB36B41A6A56010051CD30 /* iTunesArtwork@2x.png */; };
		5BDB36CD1A6A5AE60051CD30 /* HomeViewController.m in Sources */ = {isa = PBXBuildFile; fileRef = 5BDB36CC1A6A5AE60051CD30 /* HomeViewController.m */; };
/* End PBXBuildFile section */

/* Begin PBXContainerItemProxy section */
		5BDB36841A6A2C700051CD30 /* PBXContainerItemProxy */ = {
			isa = PBXContainerItemProxy;
			containerPortal = 5BDB36621A6A2C6F0051CD30 /* Project object */;
			proxyType = 1;
			remoteGlobalIDString = 5BDB36691A6A2C6F0051CD30;
			remoteInfo = "TripMe Flights";
		};
/* End PBXContainerItemProxy section */

/* Begin PBXFileReference section */
		5BAD05DF1A6A988F0072F636 /* Trip.h */ = {isa = PBXFileReference; fileEncoding = 4; lastKnownFileType = sourcecode.c.h; path = Trip.h; sourceTree = "<group>"; };
		5BAD05E01A6A988F0072F636 /* Trip.m */ = {isa = PBXFileReference; fileEncoding = 4; lastKnownFileType = sourcecode.c.objc; path = Trip.m; sourceTree = "<group>"; };
		5BAD05E21A6A99040072F636 /* TripCommunicatorDelegate.h */ = {isa = PBXFileReference; fileEncoding = 4; lastKnownFileType = sourcecode.c.h; path = TripCommunicatorDelegate.h; sourceTree = "<group>"; };
		5BAD05E31A6A99920072F636 /* TripCommunicator.h */ = {isa = PBXFileReference; fileEncoding = 4; lastKnownFileType = sourcecode.c.h; path = TripCommunicator.h; sourceTree = "<group>"; };
		5BAD05E41A6A99920072F636 /* TripCommunicator.m */ = {isa = PBXFileReference; fileEncoding = 4; lastKnownFileType = sourcecode.c.objc; path = TripCommunicator.m; sourceTree = "<group>"; };
		5BAD05E61A6A9C950072F636 /* TripBuilder.h */ = {isa = PBXFileReference; fileEncoding = 4; lastKnownFileType = sourcecode.c.h; path = TripBuilder.h; sourceTree = "<group>"; };
		5BAD05E71A6A9C950072F636 /* TripBuilder.m */ = {isa = PBXFileReference; fileEncoding = 4; lastKnownFileType = sourcecode.c.objc; path = TripBuilder.m; sourceTree = "<group>"; };
		5BAD05E91A6A9EBE0072F636 /* TripManagerDelegate.h */ = {isa = PBXFileReference; fileEncoding = 4; lastKnownFileType = sourcecode.c.h; path = TripManagerDelegate.h; sourceTree = "<group>"; };
		5BAD05EA1A6AAB040072F636 /* TripManager.h */ = {isa = PBXFileReference; fileEncoding = 4; lastKnownFileType = sourcecode.c.h; path = TripManager.h; sourceTree = "<group>"; };
		5BAD05EB1A6AAB040072F636 /* TripManager.m */ = {isa = PBXFileReference; fileEncoding = 4; lastKnownFileType = sourcecode.c.objc; path = TripManager.m; sourceTree = "<group>"; };
		5BAD05ED1A6AB6590072F636 /* TableViewController.h */ = {isa = PBXFileReference; fileEncoding = 4; lastKnownFileType = sourcecode.c.h; path = TableViewController.h; sourceTree = "<group>"; };
		5BAD05EE1A6AB6590072F636 /* TableViewController.m */ = {isa = PBXFileReference; fileEncoding = 4; lastKnownFileType = sourcecode.c.objc; path = TableViewController.m; sourceTree = "<group>"; };
		5BAD05F01A6ABD450072F636 /* DetailCell.h */ = {isa = PBXFileReference; fileEncoding = 4; lastKnownFileType = sourcecode.c.h; path = DetailCell.h; sourceTree = "<group>"; };
		5BAD05F11A6ABD450072F636 /* DetailCell.m */ = {isa = PBXFileReference; fileEncoding = 4; lastKnownFileType = sourcecode.c.objc; path = DetailCell.m; sourceTree = "<group>"; };
		5BDB366A1A6A2C6F0051CD30 /* TripMe Flights.app */ = {isa = PBXFileReference; explicitFileType = wrapper.application; includeInIndex = 0; path = "TripMe Flights.app"; sourceTree = BUILT_PRODUCTS_DIR; };
		5BDB366E1A6A2C6F0051CD30 /* Info.plist */ = {isa = PBXFileReference; lastKnownFileType = text.plist.xml; path = Info.plist; sourceTree = "<group>"; };
		5BDB366F1A6A2C6F0051CD30 /* main.m */ = {isa = PBXFileReference; lastKnownFileType = sourcecode.c.objc; path = main.m; sourceTree = "<group>"; };
		5BDB36711A6A2C6F0051CD30 /* AppDelegate.h */ = {isa = PBXFileReference; lastKnownFileType = sourcecode.c.h; path = AppDelegate.h; sourceTree = "<group>"; };
		5BDB36721A6A2C6F0051CD30 /* AppDelegate.m */ = {isa = PBXFileReference; lastKnownFileType = sourcecode.c.objc; path = AppDelegate.m; sourceTree = "<group>"; };
		5BDB36781A6A2C6F0051CD30 /* Base */ = {isa = PBXFileReference; lastKnownFileType = file.storyboard; name = Base; path = Base.lproj/Main.storyboard; sourceTree = "<group>"; };
		5BDB367A1A6A2C6F0051CD30 /* Images.xcassets */ = {isa = PBXFileReference; lastKnownFileType = folder.assetcatalog; path = Images.xcassets; sourceTree = "<group>"; };
		5BDB367D1A6A2C6F0051CD30 /* Base */ = {isa = PBXFileReference; lastKnownFileType = file.xib; name = Base; path = Base.lproj/LaunchScreen.xib; sourceTree = "<group>"; };
		5BDB36831A6A2C700051CD30 /* TripMe FlightsTests.xctest */ = {isa = PBXFileReference; explicitFileType = wrapper.cfbundle; includeInIndex = 0; path = "TripMe FlightsTests.xctest"; sourceTree = BUILT_PRODUCTS_DIR; };
		5BDB36881A6A2C700051CD30 /* Info.plist */ = {isa = PBXFileReference; lastKnownFileType = text.plist.xml; path = Info.plist; sourceTree = "<group>"; };
		5BDB36891A6A2C700051CD30 /* TripMe_FlightsTests.m */ = {isa = PBXFileReference; lastKnownFileType = sourcecode.c.objc; path = TripMe_FlightsTests.m; sourceTree = "<group>"; };
		5BDB36941A6A409A0051CD30 /* TripRequest.h */ = {isa = PBXFileReference; lastKnownFileType = sourcecode.c.h; name = TripRequest.h; path = ../TripRequest.h; sourceTree = "<group>"; };
		5BDB36951A6A43CA0051CD30 /* TripRequest.m */ = {isa = PBXFileReference; fileEncoding = 4; lastKnownFileType = sourcecode.c.objc; name = TripRequest.m; path = ../TripRequest.m; sourceTree = "<group>"; };
		5BDB369A1A6A51680051CD30 /* home.png */ = {isa = PBXFileReference; lastKnownFileType = image.png; path = home.png; sourceTree = "<group>"; };
		5BDB369B1A6A51680051CD30 /* list.png */ = {isa = PBXFileReference; lastKnownFileType = image.png; path = list.png; sourceTree = "<group>"; };
		5BDB36A11A6A56010051CD30 /* Contents.json */ = {isa = PBXFileReference; fileEncoding = 4; lastKnownFileType = text.json; path = Contents.json; sourceTree = "<group>"; };
		5BDB36A21A6A56010051CD30 /* Icon-40.png */ = {isa = PBXFileReference; lastKnownFileType = image.png; path = "Icon-40.png"; sourceTree = "<group>"; };
		5BDB36A31A6A56010051CD30 /* Icon-40@2x.png */ = {isa = PBXFileReference; lastKnownFileType = image.png; path = "Icon-40@2x.png"; sourceTree = "<group>"; };
		5BDB36A41A6A56010051CD30 /* Icon-40@3x.png */ = {isa = PBXFileReference; lastKnownFileType = image.png; path = "Icon-40@3x.png"; sourceTree = "<group>"; };
		5BDB36A51A6A56010051CD30 /* Icon-60@2x.png */ = {isa = PBXFileReference; lastKnownFileType = image.png; path = "Icon-60@2x.png"; sourceTree = "<group>"; };
		5BDB36A61A6A56010051CD30 /* Icon-60@3x.png */ = {isa = PBXFileReference; lastKnownFileType = image.png; path = "Icon-60@3x.png"; sourceTree = "<group>"; };
		5BDB36A71A6A56010051CD30 /* Icon-76.png */ = {isa = PBXFileReference; lastKnownFileType = image.png; path = "Icon-76.png"; sourceTree = "<group>"; };
		5BDB36A81A6A56010051CD30 /* Icon-76@2x.png */ = {isa = PBXFileReference; lastKnownFileType = image.png; path = "Icon-76@2x.png"; sourceTree = "<group>"; };
		5BDB36A91A6A56010051CD30 /* Icon-Small.png */ = {isa = PBXFileReference; lastKnownFileType = image.png; path = "Icon-Small.png"; sourceTree = "<group>"; };
		5BDB36AA1A6A56010051CD30 /* Icon-Small@2x.png */ = {isa = PBXFileReference; lastKnownFileType = image.png; path = "Icon-Small@2x.png"; sourceTree = "<group>"; };
		5BDB36AB1A6A56010051CD30 /* Icon-Small@3x.png */ = {isa = PBXFileReference; lastKnownFileType = image.png; path = "Icon-Small@3x.png"; sourceTree = "<group>"; };
		5BDB36AC1A6A56010051CD30 /* Icon-60.png */ = {isa = PBXFileReference; lastKnownFileType = image.png; path = "Icon-60.png"; sourceTree = "<group>"; };
		5BDB36AD1A6A56010051CD30 /* Icon-72.png */ = {isa = PBXFileReference; lastKnownFileType = image.png; path = "Icon-72.png"; sourceTree = "<group>"; };
		5BDB36AE1A6A56010051CD30 /* Icon-72@2x.png */ = {isa = PBXFileReference; lastKnownFileType = image.png; path = "Icon-72@2x.png"; sourceTree = "<group>"; };
		5BDB36AF1A6A56010051CD30 /* Icon-Small-50.png */ = {isa = PBXFileReference; lastKnownFileType = image.png; path = "Icon-Small-50.png"; sourceTree = "<group>"; };
		5BDB36B01A6A56010051CD30 /* Icon-Small-50@2x.png */ = {isa = PBXFileReference; lastKnownFileType = image.png; path = "Icon-Small-50@2x.png"; sourceTree = "<group>"; };
		5BDB36B11A6A56010051CD30 /* Icon.png */ = {isa = PBXFileReference; lastKnownFileType = image.png; path = Icon.png; sourceTree = "<group>"; };
		5BDB36B21A6A56010051CD30 /* Icon@2x.png */ = {isa = PBXFileReference; lastKnownFileType = image.png; path = "Icon@2x.png"; sourceTree = "<group>"; };
		5BDB36B31A6A56010051CD30 /* iTunesArtwork.png */ = {isa = PBXFileReference; lastKnownFileType = image.png; path = iTunesArtwork.png; sourceTree = "<group>"; };
		5BDB36B41A6A56010051CD30 /* iTunesArtwork@2x.png */ = {isa = PBXFileReference; lastKnownFileType = image.png; path = "iTunesArtwork@2x.png"; sourceTree = "<group>"; };
		5BDB36CB1A6A5AE60051CD30 /* HomeViewController.h */ = {isa = PBXFileReference; fileEncoding = 4; lastKnownFileType = sourcecode.c.h; path = HomeViewController.h; sourceTree = "<group>"; };
		5BDB36CC1A6A5AE60051CD30 /* HomeViewController.m */ = {isa = PBXFileReference; fileEncoding = 4; lastKnownFileType = sourcecode.c.objc; path = HomeViewController.m; sourceTree = "<group>"; };
/* End PBXFileReference section */

/* Begin PBXFrameworksBuildPhase section */
		5BDB36671A6A2C6F0051CD30 /* Frameworks */ = {
			isa = PBXFrameworksBuildPhase;
			buildActionMask = 2147483647;
			files = (
			);
			runOnlyForDeploymentPostprocessing = 0;
		};
		5BDB36801A6A2C700051CD30 /* Frameworks */ = {
			isa = PBXFrameworksBuildPhase;
			buildActionMask = 2147483647;
			files = (
			);
			runOnlyForDeploymentPostprocessing = 0;
		};
/* End PBXFrameworksBuildPhase section */

/* Begin PBXGroup section */
		5BDB36611A6A2C6F0051CD30 = {
			isa = PBXGroup;
			children = (
				5BDB366C1A6A2C6F0051CD30 /* TripMe Flights */,
				5BDB36861A6A2C700051CD30 /* TripMe FlightsTests */,
				5BDB366B1A6A2C6F0051CD30 /* Products */,
			);
			sourceTree = "<group>";
		};
		5BDB366B1A6A2C6F0051CD30 /* Products */ = {
			isa = PBXGroup;
			children = (
				5BDB366A1A6A2C6F0051CD30 /* TripMe Flights.app */,
				5BDB36831A6A2C700051CD30 /* TripMe FlightsTests.xctest */,
			);
			name = Products;
			sourceTree = "<group>";
		};
		5BDB366C1A6A2C6F0051CD30 /* TripMe Flights */ = {
			isa = PBXGroup;
			children = (
				5BDB36711A6A2C6F0051CD30 /* AppDelegate.h */,
				5BDB36721A6A2C6F0051CD30 /* AppDelegate.m */,
				5BDB36941A6A409A0051CD30 /* TripRequest.h */,
				5BDB36951A6A43CA0051CD30 /* TripRequest.m */,
				5BAD05E91A6A9EBE0072F636 /* TripManagerDelegate.h */,
				5BAD05E61A6A9C950072F636 /* TripBuilder.h */,
				5BAD05E71A6A9C950072F636 /* TripBuilder.m */,
				5BAD05EA1A6AAB040072F636 /* TripManager.h */,
				5BAD05EB1A6AAB040072F636 /* TripManager.m */,
				5BAD05E21A6A99040072F636 /* TripCommunicatorDelegate.h */,
				5BAD05E31A6A99920072F636 /* TripCommunicator.h */,
				5BAD05E41A6A99920072F636 /* TripCommunicator.m */,
				5BAD05F01A6ABD450072F636 /* DetailCell.h */,
				5BAD05F11A6ABD450072F636 /* DetailCell.m */,
				5BAD05ED1A6AB6590072F636 /* TableViewController.h */,
				5BAD05EE1A6AB6590072F636 /* TableViewController.m */,
				5BDB36CB1A6A5AE60051CD30 /* HomeViewController.h */,
				5BDB36CC1A6A5AE60051CD30 /* HomeViewController.m */,
				5BDB36771A6A2C6F0051CD30 /* Main.storyboard */,
				5BAD05DF1A6A988F0072F636 /* Trip.h */,
				5BAD05E01A6A988F0072F636 /* Trip.m */,
				5BDB367A1A6A2C6F0051CD30 /* Images.xcassets */,
				5BDB367C1A6A2C6F0051CD30 /* LaunchScreen.xib */,
				5BDB366D1A6A2C6F0051CD30 /* Supporting Files */,
				5BDB36971A6A51680051CD30 /* Resources */,
			);
			path = "TripMe Flights";
			sourceTree = "<group>";
		};
		5BDB366D1A6A2C6F0051CD30 /* Supporting Files */ = {
			isa = PBXGroup;
			children = (
				5BDB366E1A6A2C6F0051CD30 /* Info.plist */,
				5BDB366F1A6A2C6F0051CD30 /* main.m */,
			);
			name = "Supporting Files";
			sourceTree = "<group>";
		};
		5BDB36861A6A2C700051CD30 /* TripMe FlightsTests */ = {
			isa = PBXGroup;
			children = (
				5BDB36891A6A2C700051CD30 /* TripMe_FlightsTests.m */,
				5BDB36871A6A2C700051CD30 /* Supporting Files */,
			);
			path = "TripMe FlightsTests";
			sourceTree = "<group>";
		};
		5BDB36871A6A2C700051CD30 /* Supporting Files */ = {
			isa = PBXGroup;
			children = (
				5BDB36881A6A2C700051CD30 /* Info.plist */,
			);
			name = "Supporting Files";
			sourceTree = "<group>";
		};
		5BDB36971A6A51680051CD30 /* Resources */ = {
			isa = PBXGroup;
			children = (
				5BDB36981A6A51680051CD30 /* Images */,
			);
			path = Resources;
			sourceTree = "<group>";
		};
		5BDB36981A6A51680051CD30 /* Images */ = {
			isa = PBXGroup;
			children = (
				5BDB369E1A6A56010051CD30 /* icon */,
				5BDB36991A6A51680051CD30 /* Tab Bar Icons */,
			);
			path = Images;
			sourceTree = "<group>";
		};
		5BDB36991A6A51680051CD30 /* Tab Bar Icons */ = {
			isa = PBXGroup;
			children = (
				5BDB369A1A6A51680051CD30 /* home.png */,
				5BDB369B1A6A51680051CD30 /* list.png */,
			);
			path = "Tab Bar Icons";
			sourceTree = "<group>";
		};
		5BDB369E1A6A56010051CD30 /* icon */ = {
			isa = PBXGroup;
			children = (
				5BDB369F1A6A56010051CD30 /* ios */,
			);
			path = icon;
			sourceTree = "<group>";
		};
		5BDB369F1A6A56010051CD30 /* ios */ = {
			isa = PBXGroup;
			children = (
				5BDB36A01A6A56010051CD30 /* AppIcon.appiconset */,
				5BDB36AC1A6A56010051CD30 /* Icon-60.png */,
				5BDB36AD1A6A56010051CD30 /* Icon-72.png */,
				5BDB36AE1A6A56010051CD30 /* Icon-72@2x.png */,
				5BDB36AF1A6A56010051CD30 /* Icon-Small-50.png */,
				5BDB36B01A6A56010051CD30 /* Icon-Small-50@2x.png */,
				5BDB36B11A6A56010051CD30 /* Icon.png */,
				5BDB36B21A6A56010051CD30 /* Icon@2x.png */,
				5BDB36B31A6A56010051CD30 /* iTunesArtwork.png */,
				5BDB36B41A6A56010051CD30 /* iTunesArtwork@2x.png */,
			);
			path = ios;
			sourceTree = "<group>";
		};
		5BDB36A01A6A56010051CD30 /* AppIcon.appiconset */ = {
			isa = PBXGroup;
			children = (
				5BDB36A11A6A56010051CD30 /* Contents.json */,
				5BDB36A21A6A56010051CD30 /* Icon-40.png */,
				5BDB36A31A6A56010051CD30 /* Icon-40@2x.png */,
				5BDB36A41A6A56010051CD30 /* Icon-40@3x.png */,
				5BDB36A51A6A56010051CD30 /* Icon-60@2x.png */,
				5BDB36A61A6A56010051CD30 /* Icon-60@3x.png */,
				5BDB36A71A6A56010051CD30 /* Icon-76.png */,
				5BDB36A81A6A56010051CD30 /* Icon-76@2x.png */,
				5BDB36A91A6A56010051CD30 /* Icon-Small.png */,
				5BDB36AA1A6A56010051CD30 /* Icon-Small@2x.png */,
				5BDB36AB1A6A56010051CD30 /* Icon-Small@3x.png */,
			);
			path = AppIcon.appiconset;
			sourceTree = "<group>";
		};
/* End PBXGroup section */

/* Begin PBXNativeTarget section */
		5BDB36691A6A2C6F0051CD30 /* TripMe Flights */ = {
			isa = PBXNativeTarget;
			buildConfigurationList = 5BDB368D1A6A2C700051CD30 /* Build configuration list for PBXNativeTarget "TripMe Flights" */;
			buildPhases = (
				5BDB36661A6A2C6F0051CD30 /* Sources */,
				5BDB36671A6A2C6F0051CD30 /* Frameworks */,
				5BDB36681A6A2C6F0051CD30 /* Resources */,
			);
			buildRules = (
			);
			dependencies = (
			);
			name = "TripMe Flights";
			productName = "TripMe Flights";
			productReference = 5BDB366A1A6A2C6F0051CD30 /* TripMe Flights.app */;
			productType = "com.apple.product-type.application";
		};
		5BDB36821A6A2C700051CD30 /* TripMe FlightsTests */ = {
			isa = PBXNativeTarget;
			buildConfigurationList = 5BDB36901A6A2C700051CD30 /* Build configuration list for PBXNativeTarget "TripMe FlightsTests" */;
			buildPhases = (
				5BDB367F1A6A2C700051CD30 /* Sources */,
				5BDB36801A6A2C700051CD30 /* Frameworks */,
				5BDB36811A6A2C700051CD30 /* Resources */,
			);
			buildRules = (
			);
			dependencies = (
				5BDB36851A6A2C700051CD30 /* PBXTargetDependency */,
			);
			name = "TripMe FlightsTests";
			productName = "TripMe FlightsTests";
			productReference = 5BDB36831A6A2C700051CD30 /* TripMe FlightsTests.xctest */;
			productType = "com.apple.product-type.bundle.unit-test";
		};
/* End PBXNativeTarget section */

/* Begin PBXProject section */
		5BDB36621A6A2C6F0051CD30 /* Project object */ = {
			isa = PBXProject;
			attributes = {
				LastUpgradeCheck = 0610;
				ORGANIZATIONNAME = "Princes of Norfwood";
				TargetAttributes = {
					5BDB36691A6A2C6F0051CD30 = {
						CreatedOnToolsVersion = 6.1;
						DevelopmentTeam = M9A4HV826G;
					};
					5BDB36821A6A2C700051CD30 = {
						CreatedOnToolsVersion = 6.1;
						TestTargetID = 5BDB36691A6A2C6F0051CD30;
					};
				};
			};
			buildConfigurationList = 5BDB36651A6A2C6F0051CD30 /* Build configuration list for PBXProject "TripMe Flights" */;
			compatibilityVersion = "Xcode 3.2";
			developmentRegion = English;
			hasScannedForEncodings = 0;
			knownRegions = (
				en,
				Base,
			);
			mainGroup = 5BDB36611A6A2C6F0051CD30;
			productRefGroup = 5BDB366B1A6A2C6F0051CD30 /* Products */;
			projectDirPath = "";
			projectRoot = "";
			targets = (
				5BDB36691A6A2C6F0051CD30 /* TripMe Flights */,
				5BDB36821A6A2C700051CD30 /* TripMe FlightsTests */,
			);
		};
/* End PBXProject section */

/* Begin PBXResourcesBuildPhase section */
		5BDB36681A6A2C6F0051CD30 /* Resources */ = {
			isa = PBXResourcesBuildPhase;
			buildActionMask = 2147483647;
			files = (
				5BDB369C1A6A51680051CD30 /* home.png in Resources */,
				5BDB36B91A6A56010051CD30 /* Icon-60@2x.png in Resources */,
				5BDB369D1A6A51680051CD30 /* list.png in Resources */,
				5BDB36BE1A6A56010051CD30 /* Icon-Small@2x.png in Resources */,
				5BDB36BC1A6A56010051CD30 /* Icon-76@2x.png in Resources */,
				5BDB36C61A6A56010051CD30 /* Icon@2x.png in Resources */,
				5BDB36C71A6A56010051CD30 /* iTunesArtwork.png in Resources */,
				5BDB36791A6A2C6F0051CD30 /* Main.storyboard in Resources */,
				5BDB36B61A6A56010051CD30 /* Icon-40.png in Resources */,
				5BDB36BB1A6A56010051CD30 /* Icon-76.png in Resources */,
				5BDB36C51A6A56010051CD30 /* Icon.png in Resources */,
				5BDB36C81A6A56010051CD30 /* iTunesArtwork@2x.png in Resources */,
				5BDB36B81A6A56010051CD30 /* Icon-40@3x.png in Resources */,
				5BDB36C41A6A56010051CD30 /* Icon-Small-50@2x.png in Resources */,
				5BDB36BD1A6A56010051CD30 /* Icon-Small.png in Resources */,
				5BDB367E1A6A2C6F0051CD30 /* LaunchScreen.xib in Resources */,
				5BDB36C11A6A56010051CD30 /* Icon-72.png in Resources */,
				5BDB36B71A6A56010051CD30 /* Icon-40@2x.png in Resources */,
				5BDB36C21A6A56010051CD30 /* Icon-72@2x.png in Resources */,
				5BDB367B1A6A2C6F0051CD30 /* Images.xcassets in Resources */,
				5BDB36B51A6A56010051CD30 /* Contents.json in Resources */,
				5BDB36BF1A6A56010051CD30 /* Icon-Small@3x.png in Resources */,
				5BDB36C31A6A56010051CD30 /* Icon-Small-50.png in Resources */,
				5BDB36BA1A6A56010051CD30 /* Icon-60@3x.png in Resources */,
				5BDB36C01A6A56010051CD30 /* Icon-60.png in Resources */,
			);
			runOnlyForDeploymentPostprocessing = 0;
		};
		5BDB36811A6A2C700051CD30 /* Resources */ = {
			isa = PBXResourcesBuildPhase;
			buildActionMask = 2147483647;
			files = (
			);
			runOnlyForDeploymentPostprocessing = 0;
		};
/* End PBXResourcesBuildPhase section */

/* Begin PBXSourcesBuildPhase section */
		5BDB36661A6A2C6F0051CD30 /* Sources */ = {
			isa = PBXSourcesBuildPhase;
			buildActionMask = 2147483647;
			files = (
				5BAD05E11A6A988F0072F636 /* Trip.m in Sources */,
				5BAD05E81A6A9C950072F636 /* TripBuilder.m in Sources */,
				5BAD05EC1A6AAB040072F636 /* TripManager.m in Sources */,
				5BDB36731A6A2C6F0051CD30 /* AppDelegate.m in Sources */,
				5BAD05EF1A6AB6590072F636 /* TableViewController.m in Sources */,
				5BDB36961A6A43CA0051CD30 /* TripRequest.m in Sources */,
				5BAD05F21A6ABD450072F636 /* DetailCell.m in Sources */,
				5BDB36701A6A2C6F0051CD30 /* main.m in Sources */,
				5BDB36CD1A6A5AE60051CD30 /* HomeViewController.m in Sources */,
				5BAD05E51A6A99920072F636 /* TripCommunicator.m in Sources */,
			);
			runOnlyForDeploymentPostprocessing = 0;
		};
		5BDB367F1A6A2C700051CD30 /* Sources */ = {
			isa = PBXSourcesBuildPhase;
			buildActionMask = 2147483647;
			files = (
				5BDB368A1A6A2C700051CD30 /* TripMe_FlightsTests.m in Sources */,
			);
			runOnlyForDeploymentPostprocessing = 0;
		};
/* End PBXSourcesBuildPhase section */

/* Begin PBXTargetDependency section */
		5BDB36851A6A2C700051CD30 /* PBXTargetDependency */ = {
			isa = PBXTargetDependency;
			target = 5BDB36691A6A2C6F0051CD30 /* TripMe Flights */;
			targetProxy = 5BDB36841A6A2C700051CD30 /* PBXContainerItemProxy */;
		};
/* End PBXTargetDependency section */

/* Begin PBXVariantGroup section */
		5BDB36771A6A2C6F0051CD30 /* Main.storyboard */ = {
			isa = PBXVariantGroup;
			children = (
				5BDB36781A6A2C6F0051CD30 /* Base */,
			);
			name = Main.storyboard;
			sourceTree = "<group>";
		};
		5BDB367C1A6A2C6F0051CD30 /* LaunchScreen.xib */ = {
			isa = PBXVariantGroup;
			children = (
				5BDB367D1A6A2C6F0051CD30 /* Base */,
			);
			name = LaunchScreen.xib;
			sourceTree = "<group>";
		};
/* End PBXVariantGroup section */

/* Begin XCBuildConfiguration section */
		5BDB368B1A6A2C700051CD30 /* Debug */ = {
			isa = XCBuildConfiguration;
			buildSettings = {
				ALWAYS_SEARCH_USER_PATHS = NO;
				CLANG_CXX_LANGUAGE_STANDARD = "gnu++0x";
				CLANG_CXX_LIBRARY = "libc++";
				CLANG_ENABLE_MODULES = YES;
				CLANG_ENABLE_OBJC_ARC = YES;
				CLANG_WARN_BOOL_CONVERSION = YES;
				CLANG_WARN_CONSTANT_CONVERSION = YES;
				CLANG_WARN_DIRECT_OBJC_ISA_USAGE = YES_ERROR;
				CLANG_WARN_EMPTY_BODY = YES;
				CLANG_WARN_ENUM_CONVERSION = YES;
				CLANG_WARN_INT_CONVERSION = YES;
				CLANG_WARN_OBJC_ROOT_CLASS = YES_ERROR;
				CLANG_WARN_UNREACHABLE_CODE = YES;
				CLANG_WARN__DUPLICATE_METHOD_MATCH = YES;
				"CODE_SIGN_IDENTITY[sdk=iphoneos*]" = "iPhone Developer";
				COPY_PHASE_STRIP = NO;
				ENABLE_STRICT_OBJC_MSGSEND = YES;
				GCC_C_LANGUAGE_STANDARD = gnu99;
				GCC_DYNAMIC_NO_PIC = NO;
				GCC_OPTIMIZATION_LEVEL = 0;
				GCC_PREPROCESSOR_DEFINITIONS = (
					"DEBUG=1",
					"$(inherited)",
				);
				GCC_SYMBOLS_PRIVATE_EXTERN = NO;
				GCC_WARN_64_TO_32_BIT_CONVERSION = YES;
				GCC_WARN_ABOUT_RETURN_TYPE = YES_ERROR;
				GCC_WARN_UNDECLARED_SELECTOR = YES;
				GCC_WARN_UNINITIALIZED_AUTOS = YES_AGGRESSIVE;
				GCC_WARN_UNUSED_FUNCTION = YES;
				GCC_WARN_UNUSED_VARIABLE = YES;
				IPHONEOS_DEPLOYMENT_TARGET = 8.1;
				MTL_ENABLE_DEBUG_INFO = YES;
				ONLY_ACTIVE_ARCH = YES;
				SDKROOT = iphoneos;
			};
			name = Debug;
		};
		5BDB368C1A6A2C700051CD30 /* Release */ = {
			isa = XCBuildConfiguration;
			buildSettings = {
				ALWAYS_SEARCH_USER_PATHS = NO;
				CLANG_CXX_LANGUAGE_STANDARD = "gnu++0x";
				CLANG_CXX_LIBRARY = "libc++";
				CLANG_ENABLE_MODULES = YES;
				CLANG_ENABLE_OBJC_ARC = YES;
				CLANG_WARN_BOOL_CONVERSION = YES;
				CLANG_WARN_CONSTANT_CONVERSION = YES;
				CLANG_WARN_DIRECT_OBJC_ISA_USAGE = YES_ERROR;
				CLANG_WARN_EMPTY_BODY = YES;
				CLANG_WARN_ENUM_CONVERSION = YES;
				CLANG_WARN_INT_CONVERSION = YES;
				CLANG_WARN_OBJC_ROOT_CLASS = YES_ERROR;
				CLANG_WARN_UNREACHABLE_CODE = YES;
				CLANG_WARN__DUPLICATE_METHOD_MATCH = YES;
				"CODE_SIGN_IDENTITY[sdk=iphoneos*]" = "iPhone Developer";
				COPY_PHASE_STRIP = YES;
				ENABLE_NS_ASSERTIONS = NO;
				ENABLE_STRICT_OBJC_MSGSEND = YES;
				GCC_C_LANGUAGE_STANDARD = gnu99;
				GCC_WARN_64_TO_32_BIT_CONVERSION = YES;
				GCC_WARN_ABOUT_RETURN_TYPE = YES_ERROR;
				GCC_WARN_UNDECLARED_SELECTOR = YES;
				GCC_WARN_UNINITIALIZED_AUTOS = YES_AGGRESSIVE;
				GCC_WARN_UNUSED_FUNCTION = YES;
				GCC_WARN_UNUSED_VARIABLE = YES;
				IPHONEOS_DEPLOYMENT_TARGET = 8.1;
				MTL_ENABLE_DEBUG_INFO = NO;
				SDKROOT = iphoneos;
				VALIDATE_PRODUCT = YES;
			};
			name = Release;
		};
		5BDB368E1A6A2C700051CD30 /* Debug */ = {
			isa = XCBuildConfiguration;
			buildSettings = {
				ASSETCATALOG_COMPILER_APPICON_NAME = AppIcon;
				CODE_SIGN_IDENTITY = "iPhone Developer";
				"CODE_SIGN_IDENTITY[sdk=iphoneos*]" = "iPhone Developer";
				INFOPLIST_FILE = "TripMe Flights/Info.plist";
				LD_RUNPATH_SEARCH_PATHS = "$(inherited) @executable_path/Frameworks";
				PRODUCT_NAME = "$(TARGET_NAME)";
				PROVISIONING_PROFILE = "";
			};
			name = Debug;
		};
		5BDB368F1A6A2C700051CD30 /* Release */ = {
			isa = XCBuildConfiguration;
			buildSettings = {
				ASSETCATALOG_COMPILER_APPICON_NAME = AppIcon;
				CODE_SIGN_IDENTITY = "iPhone Developer";
				"CODE_SIGN_IDENTITY[sdk=iphoneos*]" = "iPhone Developer";
				INFOPLIST_FILE = "TripMe Flights/Info.plist";
				LD_RUNPATH_SEARCH_PATHS = "$(inherited) @executable_path/Frameworks";
				PRODUCT_NAME = "$(TARGET_NAME)";
				PROVISIONING_PROFILE = "";
			};
			name = Release;
		};
		5BDB36911A6A2C700051CD30 /* Debug */ = {
			isa = XCBuildConfiguration;
			buildSettings = {
				BUNDLE_LOADER = "$(TEST_HOST)";
				FRAMEWORK_SEARCH_PATHS = (
					"$(SDKROOT)/Developer/Library/Frameworks",
					"$(inherited)",
				);
				GCC_PREPROCESSOR_DEFINITIONS = (
					"DEBUG=1",
					"$(inherited)",
				);
				INFOPLIST_FILE = "TripMe FlightsTests/Info.plist";
				LD_RUNPATH_SEARCH_PATHS = "$(inherited) @executable_path/Frameworks @loader_path/Frameworks";
				PRODUCT_NAME = "$(TARGET_NAME)";
				TEST_HOST = "$(BUILT_PRODUCTS_DIR)/TripMe Flights.app/TripMe Flights";
			};
			name = Debug;
		};
		5BDB36921A6A2C700051CD30 /* Release */ = {
			isa = XCBuildConfiguration;
			buildSettings = {
				BUNDLE_LOADER = "$(TEST_HOST)";
				FRAMEWORK_SEARCH_PATHS = (
					"$(SDKROOT)/Developer/Library/Frameworks",
					"$(inherited)",
				);
				INFOPLIST_FILE = "TripMe FlightsTests/Info.plist";
				LD_RUNPATH_SEARCH_PATHS = "$(inherited) @executable_path/Frameworks @loader_path/Frameworks";
				PRODUCT_NAME = "$(TARGET_NAME)";
				TEST_HOST = "$(BUILT_PRODUCTS_DIR)/TripMe Flights.app/TripMe Flights";
			};
			name = Release;
		};
/* End XCBuildConfiguration section */

/* Begin XCConfigurationList section */
		5BDB36651A6A2C6F0051CD30 /* Build configuration list for PBXProject "TripMe Flights" */ = {
			isa = XCConfigurationList;
			buildConfigurations = (
				5BDB368B1A6A2C700051CD30 /* Debug */,
				5BDB368C1A6A2C700051CD30 /* Release */,
			);
			defaultConfigurationIsVisible = 0;
			defaultConfigurationName = Release;
		};
		5BDB368D1A6A2C700051CD30 /* Build configuration list for PBXNativeTarget "TripMe Flights" */ = {
			isa = XCConfigurationList;
			buildConfigurations = (
				5BDB368E1A6A2C700051CD30 /* Debug */,
				5BDB368F1A6A2C700051CD30 /* Release */,
			);
			defaultConfigurationIsVisible = 0;
			defaultConfigurationName = Release;
		};
		5BDB36901A6A2C700051CD30 /* Build configuration list for PBXNativeTarget "TripMe FlightsTests" */ = {
			isa = XCConfigurationList;
			buildConfigurations = (
				5BDB36911A6A2C700051CD30 /* Debug */,
				5BDB36921A6A2C700051CD30 /* Release */,
			);
			defaultConfigurationIsVisible = 0;
			defaultConfigurationName = Release;
		};
/* End XCConfigurationList section */
	};
	rootObject = 5BDB36621A6A2C6F0051CD30 /* Project object */;
}
